
Microsoft Visual Studio Solution File, Format Version 12.00
# Visual Studio Version 16
VisualStudioVersion = 16.0.31729.503
MinimumVisualStudioVersion = 10.0.40219.1
Project("{FAE04EC0-301F-11D3-BF4B-00C04F79EFBC}") = "Business", "Business\Business.csproj", "{D8B18103-1C50-4BF2-A474-E39A4546318D}"
EndProject
Project("{FAE04EC0-301F-11D3-BF4B-00C04F79EFBC}") = "Core", "Core\Core.csproj", "{EC5859B4-B8AB-4A70-A04D-ADA1DA228497}"
EndProject
Project("{FAE04EC0-301F-11D3-BF4B-00C04F79EFBC}") = "DataAccess", "DataAccess\DataAccess.csproj", "{37597076-B9CB-4E2B-A671-D97FB3E927F1}"
EndProject
Project("{FAE04EC0-301F-11D3-BF4B-00C04F79EFBC}") = "Entity", "Entity\Entity.csproj", "{0F0E84E1-B255-4567-ACEA-B25300D06FC9}"
EndProject
Project("{FAE04EC0-301F-11D3-BF4B-00C04F79EFBC}") = "WebAPI", "WebAPI\WebAPI.csproj", "{7B082A59-875B-417D-A569-2BFF3A6460D1}"
EndProject
Global
	GlobalSection(SolutionConfigurationPlatforms) = preSolution
		Debug|Any CPU = Debug|Any CPU
		Release|Any CPU = Release|Any CPU
	EndGlobalSection
	GlobalSection(ProjectConfigurationPlatforms) = postSolution
		{D8B18103-1C50-4BF2-A474-E39A4546318D}.Debug|Any CPU.ActiveCfg = Debug|Any CPU
		{D8B18103-1C50-4BF2-A474-E39A4546318D}.Debug|Any CPU.Build.0 = Debug|Any CPU
		{D8B18103-1C50-4BF2-A474-E39A4546318D}.Release|Any CPU.ActiveCfg = Release|Any CPU
		{D8B18103-1C50-4BF2-A474-E39A4546318D}.Release|Any CPU.Build.0 = Release|Any CPU
		{EC5859B4-B8AB-4A70-A04D-ADA1DA228497}.Debug|Any CPU.ActiveCfg = Debug|Any CPU
		{EC5859B4-B8AB-4A70-A04D-ADA1DA228497}.Debug|Any CPU.Build.0 = Debug|Any CPU
		{EC5859B4-B8AB-4A70-A04D-ADA1DA228497}.Release|Any CPU.ActiveCfg = Release|Any CPU
		{EC5859B4-B8AB-4A70-A04D-ADA1DA228497}.Release|Any CPU.Build.0 = Release|Any CPU
		{37597076-B9CB-4E2B-A671-D97FB3E927F1}.Debug|Any CPU.ActiveCfg = Debug|Any CPU
		{37597076-B9CB-4E2B-A671-D97FB3E927F1}.Debug|Any CPU.Build.0 = Debug|Any CPU
		{37597076-B9CB-4E2B-A671-D97FB3E927F1}.Release|Any CPU.ActiveCfg = Release|Any CPU
		{37597076-B9CB-4E2B-A671-D97FB3E927F1}.Release|Any CPU.Build.0 = Release|Any CPU
		{0F0E84E1-B255-4567-ACEA-B25300D06FC9}.Debug|Any CPU.ActiveCfg = Debug|Any CPU
		{0F0E84E1-B255-4567-ACEA-B25300D06FC9}.Debug|Any CPU.Build.0 = Debug|Any CPU
		{0F0E84E1-B255-4567-ACEA-B25300D06FC9}.Release|Any CPU.ActiveCfg = Release|Any CPU
		{0F0E84E1-B255-4567-ACEA-B25300D06FC9}.Release|Any CPU.Build.0 = Release|Any CPU
		{7B082A59-875B-417D-A569-2BFF3A6460D1}.Debug|Any CPU.ActiveCfg = Debug|Any CPU
		{7B082A59-875B-417D-A569-2BFF3A6460D1}.Debug|Any CPU.Build.0 = Debug|Any CPU
		{7B082A59-875B-417D-A569-2BFF3A6460D1}.Release|Any CPU.ActiveCfg = Release|Any CPU
		{7B082A59-875B-417D-A569-2BFF3A6460D1}.Release|Any CPU.Build.0 = Release|Any CPU
	EndGlobalSection
	GlobalSection(SolutionProperties) = preSolution
		HideSolutionNode = FALSE
	EndGlobalSection
	GlobalSection(ExtensibilityGlobals) = postSolution
		SolutionGuid = {FC996135-018D-49E4-B0EC-9CC32A23EDCC}
	EndGlobalSection
EndGlobal
